// !$*UTF8*$!
{
	archiveVersion = 1;
	classes = {
	};
	objectVersion = 77;
	objects = {

/* Begin PBXBuildFile section */
		AD5C7B672CE9D97C007D5B2C /* Apollo in Frameworks */ = {isa = PBXBuildFile; productRef = AD5C7B662CE9D97C007D5B2C /* Apollo */; };
		AD6515432CE9C73600BCC336 /* Valet in Frameworks */ = {isa = PBXBuildFile; productRef = AD6515422CE9C73600BCC336 /* Valet */; };
		AD6515462CE9C75100BCC336 /* MenuBarExtraAccess in Frameworks */ = {isa = PBXBuildFile; productRef = AD6515452CE9C75100BCC336 /* MenuBarExtraAccess */; };
		AD6515492CE9C76000BCC336 /* AsyncAlgorithms in Frameworks */ = {isa = PBXBuildFile; productRef = AD6515482CE9C76000BCC336 /* AsyncAlgorithms */; };
/* End PBXBuildFile section */

/* Begin PBXFileReference section */
		AD1FD5302CE9BF0100508A20 /* Pulse.app */ = {isa = PBXFileReference; explicitFileType = wrapper.application; includeInIndex = 0; path = Pulse.app; sourceTree = BUILT_PRODUCTS_DIR; };
/* End PBXFileReference section */

/* Begin PBXFileSystemSynchronizedRootGroup section */
		AD1FD5322CE9BF0100508A20 /* Pulse */ = {
			isa = PBXFileSystemSynchronizedRootGroup;
			path = Pulse;
			sourceTree = "<group>";
		};
/* End PBXFileSystemSynchronizedRootGroup section */

/* Begin PBXFrameworksBuildPhase section */
		AD1FD52D2CE9BF0100508A20 /* Frameworks */ = {
			isa = PBXFrameworksBuildPhase;
			buildActionMask = 2147483647;
			files = (
				AD6515462CE9C75100BCC336 /* MenuBarExtraAccess in Frameworks */,
				AD5C7B672CE9D97C007D5B2C /* Apollo in Frameworks */,
				AD6515432CE9C73600BCC336 /* Valet in Frameworks */,
				AD6515492CE9C76000BCC336 /* AsyncAlgorithms in Frameworks */,
			);
			runOnlyForDeploymentPostprocessing = 0;
		};
/* End PBXFrameworksBuildPhase section */

/* Begin PBXGroup section */
		AD1FD5272CE9BF0100508A20 = {
			isa = PBXGroup;
			children = (
				AD1FD5322CE9BF0100508A20 /* Pulse */,
				AD5C7B652CE9D97C007D5B2C /* Frameworks */,
				AD1FD5312CE9BF0100508A20 /* Products */,
			);
			sourceTree = "<group>";
		};
		AD1FD5312CE9BF0100508A20 /* Products */ = {
			isa = PBXGroup;
			children = (
				AD1FD5302CE9BF0100508A20 /* Pulse.app */,
			);
			name = Products;
			sourceTree = "<group>";
		};
		AD5C7B652CE9D97C007D5B2C /* Frameworks */ = {
			isa = PBXGroup;
			children = (
			);
			name = Frameworks;
			sourceTree = "<group>";
		};
/* End PBXGroup section */

/* Begin PBXNativeTarget section */
		AD1FD52F2CE9BF0100508A20 /* Pulse */ = {
			isa = PBXNativeTarget;
			buildConfigurationList = AD1FD53F2CE9BF0200508A20 /* Build configuration list for PBXNativeTarget "Pulse" */;
			buildPhases = (
				AD1FD52C2CE9BF0100508A20 /* Sources */,
				AD1FD52D2CE9BF0100508A20 /* Frameworks */,
				AD1FD52E2CE9BF0100508A20 /* Resources */,
				ADAF32E42CE9C1B600E82496 /* Run SwiftLint */,
			);
			buildRules = (
			);
			dependencies = (
			);
			fileSystemSynchronizedGroups = (
				AD1FD5322CE9BF0100508A20 /* Pulse */,
			);
			name = Pulse;
			packageProductDependencies = (
				AD6515422CE9C73600BCC336 /* Valet */,
				AD6515452CE9C75100BCC336 /* MenuBarExtraAccess */,
				AD6515482CE9C76000BCC336 /* AsyncAlgorithms */,
				AD5C7B662CE9D97C007D5B2C /* Apollo */,
			);
			productName = Pulse;
			productReference = AD1FD5302CE9BF0100508A20 /* Pulse.app */;
			productType = "com.apple.product-type.application";
		};
/* End PBXNativeTarget section */

/* Begin PBXProject section */
		AD1FD5282CE9BF0100508A20 /* Project object */ = {
			isa = PBXProject;
			attributes = {
				BuildIndependentTargetsInParallel = 1;
				LastSwiftUpdateCheck = 1610;
				LastUpgradeCheck = 1610;
				TargetAttributes = {
					AD1FD52F2CE9BF0100508A20 = {
						CreatedOnToolsVersion = 16.1;
					};
				};
			};
			buildConfigurationList = AD1FD52B2CE9BF0100508A20 /* Build configuration list for PBXProject "Pulse" */;
			developmentRegion = en;
			hasScannedForEncodings = 0;
			knownRegions = (
				en,
				Base,
			);
			mainGroup = AD1FD5272CE9BF0100508A20;
			minimizedProjectReferenceProxies = 1;
			packageReferences = (
				AD6515402CE9C71D00BCC336 /* XCRemoteSwiftPackageReference "apollo-ios" */,
				AD6515412CE9C73600BCC336 /* XCRemoteSwiftPackageReference "Valet" */,
				AD6515442CE9C75100BCC336 /* XCRemoteSwiftPackageReference "MenuBarExtraAccess" */,
				AD6515472CE9C76000BCC336 /* XCRemoteSwiftPackageReference "swift-async-algorithms" */,
			);
			preferredProjectObjectVersion = 77;
			productRefGroup = AD1FD5312CE9BF0100508A20 /* Products */;
			projectDirPath = "";
			projectRoot = "";
			targets = (
				AD1FD52F2CE9BF0100508A20 /* Pulse */,
			);
		};
/* End PBXProject section */

/* Begin PBXResourcesBuildPhase section */
		AD1FD52E2CE9BF0100508A20 /* Resources */ = {
			isa = PBXResourcesBuildPhase;
			buildActionMask = 2147483647;
			files = (
			);
			runOnlyForDeploymentPostprocessing = 0;
		};
/* End PBXResourcesBuildPhase section */

/* Begin PBXShellScriptBuildPhase section */
		ADAF32E42CE9C1B600E82496 /* Run SwiftLint */ = {
			isa = PBXShellScriptBuildPhase;
			alwaysOutOfDate = 1;
			buildActionMask = 2147483647;
			files = (
			);
			inputFileListPaths = (
			);
			inputPaths = (
			);
			name = "Run SwiftLint";
			outputFileListPaths = (
			);
			outputPaths = (
			);
			runOnlyForDeploymentPostprocessing = 0;
			shellPath = /bin/sh;
			shellScript = "if [[ \"$(uname -m)\" == arm64 ]]; then\n    export PATH=\"/opt/homebrew/bin:$PATH\"\nfi\n\nif which swiftlint >/dev/null; then\n  swiftlint\nelse\n  echo \"SwiftLint does not exist, download from https://github.com/realm/SwiftLint\"\nfi\n";
		};
/* End PBXShellScriptBuildPhase section */

/* Begin PBXSourcesBuildPhase section */
		AD1FD52C2CE9BF0100508A20 /* Sources */ = {
			isa = PBXSourcesBuildPhase;
			buildActionMask = 2147483647;
			files = (
			);
			runOnlyForDeploymentPostprocessing = 0;
		};
/* End PBXSourcesBuildPhase section */

/* Begin XCBuildConfiguration section */
		AD1FD53D2CE9BF0200508A20 /* Debug */ = {
			isa = XCBuildConfiguration;
			buildSettings = {
				ALWAYS_SEARCH_USER_PATHS = NO;
				ASSETCATALOG_COMPILER_GENERATE_SWIFT_ASSET_SYMBOL_EXTENSIONS = YES;
				CLANG_ANALYZER_NONNULL = YES;
				CLANG_ANALYZER_NUMBER_OBJECT_CONVERSION = YES_AGGRESSIVE;
				CLANG_CXX_LANGUAGE_STANDARD = "gnu++20";
				CLANG_ENABLE_MODULES = YES;
				CLANG_ENABLE_OBJC_ARC = YES;
				CLANG_ENABLE_OBJC_WEAK = YES;
				CLANG_WARN_BLOCK_CAPTURE_AUTORELEASING = YES;
				CLANG_WARN_BOOL_CONVERSION = YES;
				CLANG_WARN_COMMA = YES;
				CLANG_WARN_CONSTANT_CONVERSION = YES;
				CLANG_WARN_DEPRECATED_OBJC_IMPLEMENTATIONS = YES;
				CLANG_WARN_DIRECT_OBJC_ISA_USAGE = YES_ERROR;
				CLANG_WARN_DOCUMENTATION_COMMENTS = YES;
				CLANG_WARN_EMPTY_BODY = YES;
				CLANG_WARN_ENUM_CONVERSION = YES;
				CLANG_WARN_INFINITE_RECURSION = YES;
				CLANG_WARN_INT_CONVERSION = YES;
				CLANG_WARN_NON_LITERAL_NULL_CONVERSION = YES;
				CLANG_WARN_OBJC_IMPLICIT_RETAIN_SELF = YES;
				CLANG_WARN_OBJC_LITERAL_CONVERSION = YES;
				CLANG_WARN_OBJC_ROOT_CLASS = YES_ERROR;
				CLANG_WARN_QUOTED_INCLUDE_IN_FRAMEWORK_HEADER = YES;
				CLANG_WARN_RANGE_LOOP_ANALYSIS = YES;
				CLANG_WARN_STRICT_PROTOTYPES = YES;
				CLANG_WARN_SUSPICIOUS_MOVE = YES;
				CLANG_WARN_UNGUARDED_AVAILABILITY = YES_AGGRESSIVE;
				CLANG_WARN_UNREACHABLE_CODE = YES;
				CLANG_WARN__DUPLICATE_METHOD_MATCH = YES;
				COPY_PHASE_STRIP = NO;
				DEBUG_INFORMATION_FORMAT = dwarf;
				ENABLE_STRICT_OBJC_MSGSEND = YES;
				ENABLE_TESTABILITY = YES;
				ENABLE_USER_SCRIPT_SANDBOXING = YES;
				GCC_C_LANGUAGE_STANDARD = gnu17;
				GCC_DYNAMIC_NO_PIC = NO;
				GCC_NO_COMMON_BLOCKS = YES;
				GCC_OPTIMIZATION_LEVEL = 0;
				GCC_PREPROCESSOR_DEFINITIONS = (
					"DEBUG=1",
					"$(inherited)",
				);
				GCC_WARN_64_TO_32_BIT_CONVERSION = YES;
				GCC_WARN_ABOUT_RETURN_TYPE = YES_ERROR;
				GCC_WARN_UNDECLARED_SELECTOR = YES;
				GCC_WARN_UNINITIALIZED_AUTOS = YES_AGGRESSIVE;
				GCC_WARN_UNUSED_FUNCTION = YES;
				GCC_WARN_UNUSED_VARIABLE = YES;
				INFOPLIST_KEY_LSUIElement = YES;
				LOCALIZATION_PREFERS_STRING_CATALOGS = YES;
				MACOSX_DEPLOYMENT_TARGET = 15.1;
				MTL_ENABLE_DEBUG_INFO = INCLUDE_SOURCE;
				MTL_FAST_MATH = YES;
				ONLY_ACTIVE_ARCH = YES;
				SDKROOT = macosx;
				SWIFT_ACTIVE_COMPILATION_CONDITIONS = "DEBUG $(inherited)";
				SWIFT_OPTIMIZATION_LEVEL = "-Onone";
			};
			name = Debug;
		};
		AD1FD53E2CE9BF0200508A20 /* Release */ = {
			isa = XCBuildConfiguration;
			buildSettings = {
				ALWAYS_SEARCH_USER_PATHS = NO;
				ASSETCATALOG_COMPILER_GENERATE_SWIFT_ASSET_SYMBOL_EXTENSIONS = YES;
				CLANG_ANALYZER_NONNULL = YES;
				CLANG_ANALYZER_NUMBER_OBJECT_CONVERSION = YES_AGGRESSIVE;
				CLANG_CXX_LANGUAGE_STANDARD = "gnu++20";
				CLANG_ENABLE_MODULES = YES;
				CLANG_ENABLE_OBJC_ARC = YES;
				CLANG_ENABLE_OBJC_WEAK = YES;
				CLANG_WARN_BLOCK_CAPTURE_AUTORELEASING = YES;
				CLANG_WARN_BOOL_CONVERSION = YES;
				CLANG_WARN_COMMA = YES;
				CLANG_WARN_CONSTANT_CONVERSION = YES;
				CLANG_WARN_DEPRECATED_OBJC_IMPLEMENTATIONS = YES;
				CLANG_WARN_DIRECT_OBJC_ISA_USAGE = YES_ERROR;
				CLANG_WARN_DOCUMENTATION_COMMENTS = YES;
				CLANG_WARN_EMPTY_BODY = YES;
				CLANG_WARN_ENUM_CONVERSION = YES;
				CLANG_WARN_INFINITE_RECURSION = YES;
				CLANG_WARN_INT_CONVERSION = YES;
				CLANG_WARN_NON_LITERAL_NULL_CONVERSION = YES;
				CLANG_WARN_OBJC_IMPLICIT_RETAIN_SELF = YES;
				CLANG_WARN_OBJC_LITERAL_CONVERSION = YES;
				CLANG_WARN_OBJC_ROOT_CLASS = YES_ERROR;
				CLANG_WARN_QUOTED_INCLUDE_IN_FRAMEWORK_HEADER = YES;
				CLANG_WARN_RANGE_LOOP_ANALYSIS = YES;
				CLANG_WARN_STRICT_PROTOTYPES = YES;
				CLANG_WARN_SUSPICIOUS_MOVE = YES;
				CLANG_WARN_UNGUARDED_AVAILABILITY = YES_AGGRESSIVE;
				CLANG_WARN_UNREACHABLE_CODE = YES;
				CLANG_WARN__DUPLICATE_METHOD_MATCH = YES;
				COPY_PHASE_STRIP = NO;
				DEBUG_INFORMATION_FORMAT = "dwarf-with-dsym";
				ENABLE_NS_ASSERTIONS = NO;
				ENABLE_STRICT_OBJC_MSGSEND = YES;
				ENABLE_USER_SCRIPT_SANDBOXING = YES;
				GCC_C_LANGUAGE_STANDARD = gnu17;
				GCC_NO_COMMON_BLOCKS = YES;
				GCC_WARN_64_TO_32_BIT_CONVERSION = YES;
				GCC_WARN_ABOUT_RETURN_TYPE = YES_ERROR;
				GCC_WARN_UNDECLARED_SELECTOR = YES;
				GCC_WARN_UNINITIALIZED_AUTOS = YES_AGGRESSIVE;
				GCC_WARN_UNUSED_FUNCTION = YES;
				GCC_WARN_UNUSED_VARIABLE = YES;
				INFOPLIST_KEY_LSUIElement = YES;
				LOCALIZATION_PREFERS_STRING_CATALOGS = YES;
				MACOSX_DEPLOYMENT_TARGET = 15.1;
				MTL_ENABLE_DEBUG_INFO = NO;
				MTL_FAST_MATH = YES;
				SDKROOT = macosx;
				SWIFT_COMPILATION_MODE = wholemodule;
			};
			name = Release;
		};
		AD1FD5402CE9BF0200508A20 /* Debug */ = {
			isa = XCBuildConfiguration;
			buildSettings = {
				ASSETCATALOG_COMPILER_APPICON_NAME = AppIcon;
				ASSETCATALOG_COMPILER_GLOBAL_ACCENT_COLOR_NAME = AccentColor;
				CODE_SIGN_ENTITLEMENTS = Pulse/Pulse.entitlements;
				CODE_SIGN_STYLE = Automatic;
				COMBINE_HIDPI_IMAGES = YES;
				CURRENT_PROJECT_VERSION = 3;
				DEVELOPMENT_ASSET_PATHS = "\"Pulse/Preview Content\"";
				DEVELOPMENT_TEAM = 97A8B2WE2P;
				ENABLE_HARDENED_RUNTIME = YES;
				ENABLE_PREVIEWS = YES;
				ENABLE_USER_SCRIPT_SANDBOXING = NO;
				GENERATE_INFOPLIST_FILE = YES;
				INFOPLIST_KEY_LSApplicationCategoryType = "public.app-category.utilities";
				INFOPLIST_KEY_NSHumanReadableCopyright = "";
				LD_RUNPATH_SEARCH_PATHS = (
					"$(inherited)",
					"@executable_path/../Frameworks",
				);
				MARKETING_VERSION = 1.0;
				PRODUCT_BUNDLE_IDENTIFIER = jp.winebarrel.Pulse;
				PRODUCT_NAME = "$(TARGET_NAME)";
				SWIFT_EMIT_LOC_STRINGS = YES;
				SWIFT_VERSION = 6.0;
			};
			name = Debug;
		};
		AD1FD5412CE9BF0200508A20 /* Release */ = {
			isa = XCBuildConfiguration;
			buildSettings = {
				ASSETCATALOG_COMPILER_APPICON_NAME = AppIcon;
				ASSETCATALOG_COMPILER_GLOBAL_ACCENT_COLOR_NAME = AccentColor;
				CODE_SIGN_ENTITLEMENTS = Pulse/Pulse.entitlements;
				CODE_SIGN_STYLE = Automatic;
				COMBINE_HIDPI_IMAGES = YES;
				CURRENT_PROJECT_VERSION = 3;
				DEVELOPMENT_ASSET_PATHS = "\"Pulse/Preview Content\"";
				DEVELOPMENT_TEAM = 97A8B2WE2P;
				ENABLE_HARDENED_RUNTIME = YES;
				ENABLE_PREVIEWS = YES;
				ENABLE_USER_SCRIPT_SANDBOXING = NO;
				GENERATE_INFOPLIST_FILE = YES;
				INFOPLIST_KEY_LSApplicationCategoryType = "public.app-category.utilities";
				INFOPLIST_KEY_NSHumanReadableCopyright = "";
				LD_RUNPATH_SEARCH_PATHS = (
					"$(inherited)",
					"@executable_path/../Frameworks",
				);
				MARKETING_VERSION = 1.0;
				PRODUCT_BUNDLE_IDENTIFIER = jp.winebarrel.Pulse;
				PRODUCT_NAME = "$(TARGET_NAME)";
				SWIFT_EMIT_LOC_STRINGS = YES;
				SWIFT_VERSION = 6.0;
			};
			name = Release;
		};
/* End XCBuildConfiguration section */

/* Begin XCConfigurationList section */
		AD1FD52B2CE9BF0100508A20 /* Build configuration list for PBXProject "Pulse" */ = {
			isa = XCConfigurationList;
			buildConfigurations = (
				AD1FD53D2CE9BF0200508A20 /* Debug */,
				AD1FD53E2CE9BF0200508A20 /* Release */,
			);
			defaultConfigurationIsVisible = 0;
			defaultConfigurationName = Release;
		};
		AD1FD53F2CE9BF0200508A20 /* Build configuration list for PBXNativeTarget "Pulse" */ = {
			isa = XCConfigurationList;
			buildConfigurations = (
				AD1FD5402CE9BF0200508A20 /* Debug */,
				AD1FD5412CE9BF0200508A20 /* Release */,
			);
			defaultConfigurationIsVisible = 0;
			defaultConfigurationName = Release;
		};
/* End XCConfigurationList section */

/* Begin XCRemoteSwiftPackageReference section */
		AD6515402CE9C71D00BCC336 /* XCRemoteSwiftPackageReference "apollo-ios" */ = {
			isa = XCRemoteSwiftPackageReference;
			repositoryURL = "https://github.com/apollographql/apollo-ios.git";
			requirement = {
				kind = upToNextMajorVersion;
				minimumVersion = 1.15.3;
			};
		};
		AD6515412CE9C73600BCC336 /* XCRemoteSwiftPackageReference "Valet" */ = {
			isa = XCRemoteSwiftPackageReference;
			repositoryURL = "https://github.com/square/Valet.git";
			requirement = {
				kind = upToNextMajorVersion;
				minimumVersion = 5.0.0;
			};
		};
		AD6515442CE9C75100BCC336 /* XCRemoteSwiftPackageReference "MenuBarExtraAccess" */ = {
			isa = XCRemoteSwiftPackageReference;
			repositoryURL = "https://github.com/orchetect/MenuBarExtraAccess";
			requirement = {
				kind = upToNextMajorVersion;
				minimumVersion = 1.1.3;
			};
		};
		AD6515472CE9C76000BCC336 /* XCRemoteSwiftPackageReference "swift-async-algorithms" */ = {
			isa = XCRemoteSwiftPackageReference;
			repositoryURL = "https://github.com/apple/swift-async-algorithms.git";
			requirement = {
				kind = upToNextMajorVersion;
				minimumVersion = 1.0.2;
			};
		};
/* End XCRemoteSwiftPackageReference section */

/* Begin XCSwiftPackageProductDependency section */
		AD5C7B662CE9D97C007D5B2C /* Apollo */ = {
			isa = XCSwiftPackageProductDependency;
			package = AD6515402CE9C71D00BCC336 /* XCRemoteSwiftPackageReference "apollo-ios" */;
			productName = Apollo;
		};
		AD6515422CE9C73600BCC336 /* Valet */ = {
			isa = XCSwiftPackageProductDependency;
			package = AD6515412CE9C73600BCC336 /* XCRemoteSwiftPackageReference "Valet" */;
			productName = Valet;
		};
		AD6515452CE9C75100BCC336 /* MenuBarExtraAccess */ = {
			isa = XCSwiftPackageProductDependency;
			package = AD6515442CE9C75100BCC336 /* XCRemoteSwiftPackageReference "MenuBarExtraAccess" */;
			productName = MenuBarExtraAccess;
		};
		AD6515482CE9C76000BCC336 /* AsyncAlgorithms */ = {
			isa = XCSwiftPackageProductDependency;
			package = AD6515472CE9C76000BCC336 /* XCRemoteSwiftPackageReference "swift-async-algorithms" */;
			productName = AsyncAlgorithms;
		};
/* End XCSwiftPackageProductDependency section */
	};
	rootObject = AD1FD5282CE9BF0100508A20 /* Project object */;
}
